
Microsoft Visual Studio Solution File, Format Version 12.00
# Visual Studio 15
VisualStudioVersion = 15.0.27703.2026
MinimumVisualStudioVersion = 10.0.40219.1
Project("{9A19103F-16F7-4668-BE54-9A1E7A4F7556}") = "Alura.WebAPI.Model", "Alura.WebAPI.Model\Alura.WebAPI.Model.csproj", "{492C972C-38DD-4C4F-B3C3-C9A62898E406}"
EndProject
Project("{9A19103F-16F7-4668-BE54-9A1E7A4F7556}") = "Alura.WebAPI.WebApp", "Alura.WebAPI.WebApp\Alura.WebAPI.WebApp.csproj", "{3EA2D4E0-1B65-4B65-8A66-1EEAE9063F81}"
EndProject
Project("{2150E333-8FDC-42A3-9474-1A3956D46DE8}") = "0-Common", "0-Common", "{58B6C847-CC64-4D78-B854-57E826A5BE62}"
EndProject
Project("{2150E333-8FDC-42A3-9474-1A3956D46DE8}") = "1-Services", "1-Services", "{AD64A2D5-F033-40E0-9C69-E38B3F195791}"
EndProject
Project("{2150E333-8FDC-42A3-9474-1A3956D46DE8}") = "2-Apps", "2-Apps", "{04192D6B-5E39-46C6-A7AB-1B79360192CE}"
EndProject
Project("{9A19103F-16F7-4668-BE54-9A1E7A4F7556}") = "Alura.WebAPI.Seguranca", "Alura.WebAPI.Seguranca\Alura.WebAPI.Seguranca.csproj", "{A2359AE4-9EE1-43ED-9407-1C2CF73EA819}"
EndProject
Project("{9A19103F-16F7-4668-BE54-9A1E7A4F7556}") = "Alura.WebAPI.DAL.Livros", "Alura.WebAPI.DAL.Livros\Alura.WebAPI.DAL.Livros.csproj", "{8980974A-1B85-4BDB-A1D0-0CCB5F709037}"
EndProject
Project("{9A19103F-16F7-4668-BE54-9A1E7A4F7556}") = "Alura.WebAPI.DAL.Usuarios", "Alura.WebAPI.DAL.Usuarios\Alura.WebAPI.DAL.Usuarios.csproj", "{ED01027C-93E5-495F-8C24-0289E72DC8F2}"
EndProject
Project("{9A19103F-16F7-4668-BE54-9A1E7A4F7556}") = "Alura.WebAPI.AuthProvider", "Alura.WebAPI.AuthProvider\Alura.WebAPI.AuthProvider.csproj", "{2F69831F-9016-49C4-8B11-C03637ED18F5}"
EndProject
Project("{FAE04EC0-301F-11D3-BF4B-00C04F79EFBC}") = "Alura.WebAPI.Api", "Alura.WebAPI.Api\Alura.WebAPI.Api.csproj", "{CC529496-D095-427A-86CC-0D4EF0F48729}"
EndProject
Global
	GlobalSection(SolutionConfigurationPlatforms) = preSolution
		Debug|Any CPU = Debug|Any CPU
		Release|Any CPU = Release|Any CPU
	EndGlobalSection
	GlobalSection(ProjectConfigurationPlatforms) = postSolution
		{492C972C-38DD-4C4F-B3C3-C9A62898E406}.Debug|Any CPU.ActiveCfg = Debug|Any CPU
		{492C972C-38DD-4C4F-B3C3-C9A62898E406}.Debug|Any CPU.Build.0 = Debug|Any CPU
		{492C972C-38DD-4C4F-B3C3-C9A62898E406}.Release|Any CPU.ActiveCfg = Release|Any CPU
		{492C972C-38DD-4C4F-B3C3-C9A62898E406}.Release|Any CPU.Build.0 = Release|Any CPU
		{3EA2D4E0-1B65-4B65-8A66-1EEAE9063F81}.Debug|Any CPU.ActiveCfg = Debug|Any CPU
		{3EA2D4E0-1B65-4B65-8A66-1EEAE9063F81}.Debug|Any CPU.Build.0 = Debug|Any CPU
		{3EA2D4E0-1B65-4B65-8A66-1EEAE9063F81}.Release|Any CPU.ActiveCfg = Release|Any CPU
		{3EA2D4E0-1B65-4B65-8A66-1EEAE9063F81}.Release|Any CPU.Build.0 = Release|Any CPU
		{A2359AE4-9EE1-43ED-9407-1C2CF73EA819}.Debug|Any CPU.ActiveCfg = Debug|Any CPU
		{A2359AE4-9EE1-43ED-9407-1C2CF73EA819}.Debug|Any CPU.Build.0 = Debug|Any CPU
		{A2359AE4-9EE1-43ED-9407-1C2CF73EA819}.Release|Any CPU.ActiveCfg = Release|Any CPU
		{A2359AE4-9EE1-43ED-9407-1C2CF73EA819}.Release|Any CPU.Build.0 = Release|Any CPU
		{8980974A-1B85-4BDB-A1D0-0CCB5F709037}.Debug|Any CPU.ActiveCfg = Debug|Any CPU
		{8980974A-1B85-4BDB-A1D0-0CCB5F709037}.Debug|Any CPU.Build.0 = Debug|Any CPU
		{8980974A-1B85-4BDB-A1D0-0CCB5F709037}.Release|Any CPU.ActiveCfg = Release|Any CPU
		{8980974A-1B85-4BDB-A1D0-0CCB5F709037}.Release|Any CPU.Build.0 = Release|Any CPU
		{ED01027C-93E5-495F-8C24-0289E72DC8F2}.Debug|Any CPU.ActiveCfg = Debug|Any CPU
		{ED01027C-93E5-495F-8C24-0289E72DC8F2}.Debug|Any CPU.Build.0 = Debug|Any CPU
		{ED01027C-93E5-495F-8C24-0289E72DC8F2}.Release|Any CPU.ActiveCfg = Release|Any CPU
		{ED01027C-93E5-495F-8C24-0289E72DC8F2}.Release|Any CPU.Build.0 = Release|Any CPU
		{2F69831F-9016-49C4-8B11-C03637ED18F5}.Debug|Any CPU.ActiveCfg = Debug|Any CPU
		{2F69831F-9016-49C4-8B11-C03637ED18F5}.Debug|Any CPU.Build.0 = Debug|Any CPU
		{2F69831F-9016-49C4-8B11-C03637ED18F5}.Release|Any CPU.ActiveCfg = Release|Any CPU
		{2F69831F-9016-49C4-8B11-C03637ED18F5}.Release|Any CPU.Build.0 = Release|Any CPU
		{CC529496-D095-427A-86CC-0D4EF0F48729}.Debug|Any CPU.ActiveCfg = Debug|Any CPU
		{CC529496-D095-427A-86CC-0D4EF0F48729}.Debug|Any CPU.Build.0 = Debug|Any CPU
		{CC529496-D095-427A-86CC-0D4EF0F48729}.Release|Any CPU.ActiveCfg = Release|Any CPU
		{CC529496-D095-427A-86CC-0D4EF0F48729}.Release|Any CPU.Build.0 = Release|Any CPU
	EndGlobalSection
	GlobalSection(SolutionProperties) = preSolution
		HideSolutionNode = FALSE
	EndGlobalSection
	GlobalSection(NestedProjects) = preSolution
		{492C972C-38DD-4C4F-B3C3-C9A62898E406} = {58B6C847-CC64-4D78-B854-57E826A5BE62}
		{3EA2D4E0-1B65-4B65-8A66-1EEAE9063F81} = {04192D6B-5E39-46C6-A7AB-1B79360192CE}
		{A2359AE4-9EE1-43ED-9407-1C2CF73EA819} = {58B6C847-CC64-4D78-B854-57E826A5BE62}
		{8980974A-1B85-4BDB-A1D0-0CCB5F709037} = {58B6C847-CC64-4D78-B854-57E826A5BE62}
		{ED01027C-93E5-495F-8C24-0289E72DC8F2} = {58B6C847-CC64-4D78-B854-57E826A5BE62}
		{2F69831F-9016-49C4-8B11-C03637ED18F5} = {AD64A2D5-F033-40E0-9C69-E38B3F195791}
		{CC529496-D095-427A-86CC-0D4EF0F48729} = {AD64A2D5-F033-40E0-9C69-E38B3F195791}
	EndGlobalSection
	GlobalSection(ExtensibilityGlobals) = postSolution
		SolutionGuid = {27AF3585-B804-4D4A-9C5B-5667BF413334}
	EndGlobalSection
EndGlobal
